
Microsoft Visual Studio Solution File, Format Version 12.00
# Visual Studio Version 16
VisualStudioVersion = 16.0.35229.62
MinimumVisualStudioVersion = 10.0.40219.1
Project("{FAE04EC0-301F-11D3-BF4B-00C04F79EFBC}") = "AppBai4", "AppBai4\AppBai4.csproj", "{AC3CD866-04EB-41E7-A07B-D2624E5FF5D0}"
EndProject
Global
	GlobalSection(SolutionConfigurationPlatforms) = preSolution
		Debug|Any CPU = Debug|Any CPU
		Release|Any CPU = Release|Any CPU
	EndGlobalSection
	GlobalSection(ProjectConfigurationPlatforms) = postSolution
		{AC3CD866-04EB-41E7-A07B-D2624E5FF5D0}.Debug|Any CPU.ActiveCfg = Debug|Any CPU
		{AC3CD866-04EB-41E7-A07B-D2624E5FF5D0}.Debug|Any CPU.Build.0 = Debug|Any CPU
		{AC3CD866-04EB-41E7-A07B-D2624E5FF5D0}.Release|Any CPU.ActiveCfg = Release|Any CPU
		{AC3CD866-04EB-41E7-A07B-D2624E5FF5D0}.Release|Any CPU.Build.0 = Release|Any CPU
	EndGlobalSection
	GlobalSection(SolutionProperties) = preSolution
		HideSolutionNode = FALSE
	EndGlobalSection
	GlobalSection(ExtensibilityGlobals) = postSolution
		SolutionGuid = {5EC60E0A-E604-441F-A69B-3EED150CD5DD}
	EndGlobalSection
EndGlobal
